// !$*UTF8*$!
{
	archiveVersion = 1;
	classes = {
	};
	objectVersion = 56;
	objects = {

/* Begin PBXBuildFile section */
		C806817B2AD75D5600BD9759 /* Pawn.cpp in Sources */ = {isa = PBXBuildFile; fileRef = C80681792AD75D5600BD9759 /* Pawn.cpp */; };
		C89717482AD4F83E0086C4B9 /* main.cpp in Sources */ = {isa = PBXBuildFile; fileRef = C89717472AD4F83E0086C4B9 /* main.cpp */; };
		C89717502AD4F8600086C4B9 /* SDL2.framework in Frameworks */ = {isa = PBXBuildFile; fileRef = C897174F2AD4F8600086C4B9 /* SDL2.framework */; };
		C89717542AD501800086C4B9 /* SDL2_image.framework in Frameworks */ = {isa = PBXBuildFile; fileRef = C89717532AD501800086C4B9 /* SDL2_image.framework */; };
		C89D9A852AD5AC25005B8463 /* Engine.cpp in Sources */ = {isa = PBXBuildFile; fileRef = C89D9A832AD5AC25005B8463 /* Engine.cpp */; };
		C89D9A8A2AD5DA29005B8463 /* GameObject.cpp in Sources */ = {isa = PBXBuildFile; fileRef = C89D9A882AD5DA29005B8463 /* GameObject.cpp */; };
		C89D9A8D2AD5DFC2005B8463 /* Mario.cpp in Sources */ = {isa = PBXBuildFile; fileRef = C89D9A8B2AD5DFC2005B8463 /* Mario.cpp */; };
/* End PBXBuildFile section */

/* Begin PBXCopyFilesBuildPhase section */
		C89717422AD4F83E0086C4B9 /* CopyFiles */ = {
			isa = PBXCopyFilesBuildPhase;
			buildActionMask = 2147483647;
			dstPath = /usr/share/man/man1/;
			dstSubfolderSpec = 0;
			files = (
			);
			runOnlyForDeploymentPostprocessing = 1;
		};
/* End PBXCopyFilesBuildPhase section */

/* Begin PBXFileReference section */
		C80681792AD75D5600BD9759 /* Pawn.cpp */ = {isa = PBXFileReference; lastKnownFileType = sourcecode.cpp.cpp; path = Pawn.cpp; sourceTree = "<group>"; };
		C806817A2AD75D5600BD9759 /* Pawn.hpp */ = {isa = PBXFileReference; lastKnownFileType = sourcecode.cpp.h; path = Pawn.hpp; sourceTree = "<group>"; };
		C80681862AD76EF000BD9759 /* images */ = {isa = PBXFileReference; lastKnownFileType = folder; path = images; sourceTree = "<group>"; };
		C89717442AD4F83E0086C4B9 /* SDL_2023 */ = {isa = PBXFileReference; explicitFileType = "compiled.mach-o.executable"; includeInIndex = 0; path = SDL_2023; sourceTree = BUILT_PRODUCTS_DIR; };
		C89717472AD4F83E0086C4B9 /* main.cpp */ = {isa = PBXFileReference; lastKnownFileType = sourcecode.cpp.cpp; path = main.cpp; sourceTree = "<group>"; usesTabs = 1; };
		C897174F2AD4F8600086C4B9 /* SDL2.framework */ = {isa = PBXFileReference; lastKnownFileType = wrapper.framework; name = SDL2.framework; path = ../../../../../../Library/Frameworks/SDL2.framework; sourceTree = "<group>"; };
		C89717532AD501800086C4B9 /* SDL2_image.framework */ = {isa = PBXFileReference; lastKnownFileType = wrapper.framework; name = SDL2_image.framework; path = ../../../../../../Library/Frameworks/SDL2_image.framework; sourceTree = "<group>"; };
		C89D9A832AD5AC25005B8463 /* Engine.cpp */ = {isa = PBXFileReference; lastKnownFileType = sourcecode.cpp.cpp; path = Engine.cpp; sourceTree = "<group>"; };
		C89D9A842AD5AC25005B8463 /* Engine.hpp */ = {isa = PBXFileReference; lastKnownFileType = sourcecode.cpp.h; path = Engine.hpp; sourceTree = "<group>"; };
		C89D9A882AD5DA29005B8463 /* GameObject.cpp */ = {isa = PBXFileReference; lastKnownFileType = sourcecode.cpp.cpp; path = GameObject.cpp; sourceTree = "<group>"; };
		C89D9A892AD5DA29005B8463 /* GameObject.hpp */ = {isa = PBXFileReference; lastKnownFileType = sourcecode.cpp.h; path = GameObject.hpp; sourceTree = "<group>"; };
		C89D9A8B2AD5DFC2005B8463 /* Mario.cpp */ = {isa = PBXFileReference; lastKnownFileType = sourcecode.cpp.cpp; path = Mario.cpp; sourceTree = "<group>"; };
		C89D9A8C2AD5DFC2005B8463 /* Mario.hpp */ = {isa = PBXFileReference; lastKnownFileType = sourcecode.cpp.h; path = Mario.hpp; sourceTree = "<group>"; };
/* End PBXFileReference section */

/* Begin PBXFrameworksBuildPhase section */
		C89717412AD4F83E0086C4B9 /* Frameworks */ = {
			isa = PBXFrameworksBuildPhase;
			buildActionMask = 2147483647;
			files = (
				C89717542AD501800086C4B9 /* SDL2_image.framework in Frameworks */,
				C89717502AD4F8600086C4B9 /* SDL2.framework in Frameworks */,
			);
			runOnlyForDeploymentPostprocessing = 0;
		};
/* End PBXFrameworksBuildPhase section */

/* Begin PBXGroup section */
		C897173B2AD4F83E0086C4B9 = {
			isa = PBXGroup;
			children = (
				C89717462AD4F83E0086C4B9 /* SDL_2023 */,
				C89717452AD4F83E0086C4B9 /* Products */,
				C897174E2AD4F8600086C4B9 /* Frameworks */,
			);
			sourceTree = "<group>";
		};
		C89717452AD4F83E0086C4B9 /* Products */ = {
			isa = PBXGroup;
			children = (
				C89717442AD4F83E0086C4B9 /* SDL_2023 */,
			);
			name = Products;
			sourceTree = "<group>";
		};
		C89717462AD4F83E0086C4B9 /* SDL_2023 */ = {
			isa = PBXGroup;
			children = (
				C80681862AD76EF000BD9759 /* images */,
				C89717472AD4F83E0086C4B9 /* main.cpp */,
				C89D9A832AD5AC25005B8463 /* Engine.cpp */,
				C89D9A842AD5AC25005B8463 /* Engine.hpp */,
				C89D9A882AD5DA29005B8463 /* GameObject.cpp */,
				C89D9A892AD5DA29005B8463 /* GameObject.hpp */,
				C80681792AD75D5600BD9759 /* Pawn.cpp */,
				C806817A2AD75D5600BD9759 /* Pawn.hpp */,
				C89D9A8C2AD5DFC2005B8463 /* Mario.hpp */,
				C89D9A8B2AD5DFC2005B8463 /* Mario.cpp */,
			);
			path = SDL_2023;
			sourceTree = "<group>";
		};
		C897174E2AD4F8600086C4B9 /* Frameworks */ = {
			isa = PBXGroup;
			children = (
				C89717532AD501800086C4B9 /* SDL2_image.framework */,
				C897174F2AD4F8600086C4B9 /* SDL2.framework */,
			);
			name = Frameworks;
			sourceTree = "<group>";
		};
/* End PBXGroup section */

/* Begin PBXNativeTarget section */
		C89717432AD4F83E0086C4B9 /* SDL_2023 */ = {
			isa = PBXNativeTarget;
			buildConfigurationList = C897174B2AD4F83E0086C4B9 /* Build configuration list for PBXNativeTarget "SDL_2023" */;
			buildPhases = (
				C89717402AD4F83E0086C4B9 /* Sources */,
				C89717412AD4F83E0086C4B9 /* Frameworks */,
				C89717422AD4F83E0086C4B9 /* CopyFiles */,
			);
			buildRules = (
			);
			dependencies = (
			);
			name = SDL_2023;
			productName = SDL_2023;
			productReference = C89717442AD4F83E0086C4B9 /* SDL_2023 */;
			productType = "com.apple.product-type.tool";
		};
/* End PBXNativeTarget section */

/* Begin PBXProject section */
		C897173C2AD4F83E0086C4B9 /* Project object */ = {
			isa = PBXProject;
			attributes = {
				BuildIndependentTargetsInParallel = 1;
				LastUpgradeCheck = 1430;
				TargetAttributes = {
					C89717432AD4F83E0086C4B9 = {
						CreatedOnToolsVersion = 14.3.1;
					};
				};
			};
			buildConfigurationList = C897173F2AD4F83E0086C4B9 /* Build configuration list for PBXProject "SDL_2023" */;
			compatibilityVersion = "Xcode 14.0";
			developmentRegion = en;
			hasScannedForEncodings = 0;
			knownRegions = (
				en,
				Base,
			);
			mainGroup = C897173B2AD4F83E0086C4B9;
			productRefGroup = C89717452AD4F83E0086C4B9 /* Products */;
			projectDirPath = "";
			projectRoot = "";
			targets = (
				C89717432AD4F83E0086C4B9 /* SDL_2023 */,
			);
		};
/* End PBXProject section */

/* Begin PBXSourcesBuildPhase section */
		C89717402AD4F83E0086C4B9 /* Sources */ = {
			isa = PBXSourcesBuildPhase;
			buildActionMask = 2147483647;
			files = (
				C89717482AD4F83E0086C4B9 /* main.cpp in Sources */,
				C89D9A852AD5AC25005B8463 /* Engine.cpp in Sources */,
				C89D9A8D2AD5DFC2005B8463 /* Mario.cpp in Sources */,
				C89D9A8A2AD5DA29005B8463 /* GameObject.cpp in Sources */,
				C806817B2AD75D5600BD9759 /* Pawn.cpp in Sources */,
			);
			runOnlyForDeploymentPostprocessing = 0;
		};
/* End PBXSourcesBuildPhase section */

/* Begin XCBuildConfiguration section */
		C89717492AD4F83E0086C4B9 /* Debug */ = {
			isa = XCBuildConfiguration;
			buildSettings = {
				ALWAYS_SEARCH_USER_PATHS = NO;
				CLANG_ANALYZER_NONNULL = YES;
				CLANG_ANALYZER_NUMBER_OBJECT_CONVERSION = YES_AGGRESSIVE;
				CLANG_CXX_LANGUAGE_STANDARD = "gnu++20";
				CLANG_ENABLE_MODULES = YES;
				CLANG_ENABLE_OBJC_ARC = YES;
				CLANG_ENABLE_OBJC_WEAK = YES;
				CLANG_WARN_BLOCK_CAPTURE_AUTORELEASING = YES;
				CLANG_WARN_BOOL_CONVERSION = YES;
				CLANG_WARN_COMMA = YES;
				CLANG_WARN_CONSTANT_CONVERSION = YES;
				CLANG_WARN_DEPRECATED_OBJC_IMPLEMENTATIONS = YES;
				CLANG_WARN_DIRECT_OBJC_ISA_USAGE = YES_ERROR;
				CLANG_WARN_DOCUMENTATION_COMMENTS = YES;
				CLANG_WARN_EMPTY_BODY = YES;
				CLANG_WARN_ENUM_CONVERSION = YES;
				CLANG_WARN_INFINITE_RECURSION = YES;
				CLANG_WARN_INT_CONVERSION = YES;
				CLANG_WARN_NON_LITERAL_NULL_CONVERSION = YES;
				CLANG_WARN_OBJC_IMPLICIT_RETAIN_SELF = YES;
				CLANG_WARN_OBJC_LITERAL_CONVERSION = YES;
				CLANG_WARN_OBJC_ROOT_CLASS = YES_ERROR;
				CLANG_WARN_QUOTED_INCLUDE_IN_FRAMEWORK_HEADER = YES;
				CLANG_WARN_RANGE_LOOP_ANALYSIS = YES;
				CLANG_WARN_STRICT_PROTOTYPES = YES;
				CLANG_WARN_SUSPICIOUS_MOVE = YES;
				CLANG_WARN_UNGUARDED_AVAILABILITY = YES_AGGRESSIVE;
				CLANG_WARN_UNREACHABLE_CODE = YES;
				CLANG_WARN__DUPLICATE_METHOD_MATCH = YES;
				COPY_PHASE_STRIP = NO;
				DEBUG_INFORMATION_FORMAT = dwarf;
				ENABLE_STRICT_OBJC_MSGSEND = YES;
				ENABLE_TESTABILITY = YES;
				GCC_C_LANGUAGE_STANDARD = gnu11;
				GCC_DYNAMIC_NO_PIC = NO;
				GCC_NO_COMMON_BLOCKS = YES;
				GCC_OPTIMIZATION_LEVEL = 0;
				GCC_PREPROCESSOR_DEFINITIONS = (
					"DEBUG=1",
					"$(inherited)",
				);
				GCC_WARN_64_TO_32_BIT_CONVERSION = YES;
				GCC_WARN_ABOUT_RETURN_TYPE = YES_ERROR;
				GCC_WARN_UNDECLARED_SELECTOR = YES;
				GCC_WARN_UNINITIALIZED_AUTOS = YES_AGGRESSIVE;
				GCC_WARN_UNUSED_FUNCTION = YES;
				GCC_WARN_UNUSED_VARIABLE = YES;
				MACOSX_DEPLOYMENT_TARGET = 13.3;
				MTL_ENABLE_DEBUG_INFO = INCLUDE_SOURCE;
				MTL_FAST_MATH = YES;
				ONLY_ACTIVE_ARCH = YES;
				SDKROOT = macosx;
			};
			name = Debug;
		};
		C897174A2AD4F83E0086C4B9 /* Release */ = {
			isa = XCBuildConfiguration;
			buildSettings = {
				ALWAYS_SEARCH_USER_PATHS = NO;
				CLANG_ANALYZER_NONNULL = YES;
				CLANG_ANALYZER_NUMBER_OBJECT_CONVERSION = YES_AGGRESSIVE;
				CLANG_CXX_LANGUAGE_STANDARD = "gnu++20";
				CLANG_ENABLE_MODULES = YES;
				CLANG_ENABLE_OBJC_ARC = YES;
				CLANG_ENABLE_OBJC_WEAK = YES;
				CLANG_WARN_BLOCK_CAPTURE_AUTORELEASING = YES;
				CLANG_WARN_BOOL_CONVERSION = YES;
				CLANG_WARN_COMMA = YES;
				CLANG_WARN_CONSTANT_CONVERSION = YES;
				CLANG_WARN_DEPRECATED_OBJC_IMPLEMENTATIONS = YES;
				CLANG_WARN_DIRECT_OBJC_ISA_USAGE = YES_ERROR;
				CLANG_WARN_DOCUMENTATION_COMMENTS = YES;
				CLANG_WARN_EMPTY_BODY = YES;
				CLANG_WARN_ENUM_CONVERSION = YES;
				CLANG_WARN_INFINITE_RECURSION = YES;
				CLANG_WARN_INT_CONVERSION = YES;
				CLANG_WARN_NON_LITERAL_NULL_CONVERSION = YES;
				CLANG_WARN_OBJC_IMPLICIT_RETAIN_SELF = YES;
				CLANG_WARN_OBJC_LITERAL_CONVERSION = YES;
				CLANG_WARN_OBJC_ROOT_CLASS = YES_ERROR;
				CLANG_WARN_QUOTED_INCLUDE_IN_FRAMEWORK_HEADER = YES;
				CLANG_WARN_RANGE_LOOP_ANALYSIS = YES;
				CLANG_WARN_STRICT_PROTOTYPES = YES;
				CLANG_WARN_SUSPICIOUS_MOVE = YES;
				CLANG_WARN_UNGUARDED_AVAILABILITY = YES_AGGRESSIVE;
				CLANG_WARN_UNREACHABLE_CODE = YES;
				CLANG_WARN__DUPLICATE_METHOD_MATCH = YES;
				COPY_PHASE_STRIP = NO;
				DEBUG_INFORMATION_FORMAT = "dwarf-with-dsym";
				ENABLE_NS_ASSERTIONS = NO;
				ENABLE_STRICT_OBJC_MSGSEND = YES;
				GCC_C_LANGUAGE_STANDARD = gnu11;
				GCC_NO_COMMON_BLOCKS = YES;
				GCC_WARN_64_TO_32_BIT_CONVERSION = YES;
				GCC_WARN_ABOUT_RETURN_TYPE = YES_ERROR;
				GCC_WARN_UNDECLARED_SELECTOR = YES;
				GCC_WARN_UNINITIALIZED_AUTOS = YES_AGGRESSIVE;
				GCC_WARN_UNUSED_FUNCTION = YES;
				GCC_WARN_UNUSED_VARIABLE = YES;
				MACOSX_DEPLOYMENT_TARGET = 13.3;
				MTL_ENABLE_DEBUG_INFO = NO;
				MTL_FAST_MATH = YES;
				SDKROOT = macosx;
			};
			name = Release;
		};
		C897174C2AD4F83E0086C4B9 /* Debug */ = {
			isa = XCBuildConfiguration;
			buildSettings = {
				CODE_SIGN_STYLE = Automatic;
				FRAMEWORK_SEARCH_PATHS = (
					"$(inherited)",
					"$(LOCAL_LIBRARY_DIR)/Frameworks",
				);
				PRODUCT_NAME = "$(TARGET_NAME)";
			};
			name = Debug;
		};
		C897174D2AD4F83E0086C4B9 /* Release */ = {
			isa = XCBuildConfiguration;
			buildSettings = {
				CODE_SIGN_STYLE = Automatic;
				FRAMEWORK_SEARCH_PATHS = (
					"$(inherited)",
					"$(LOCAL_LIBRARY_DIR)/Frameworks",
				);
				PRODUCT_NAME = "$(TARGET_NAME)";
			};
			name = Release;
		};
/* End XCBuildConfiguration section */

/* Begin XCConfigurationList section */
		C897173F2AD4F83E0086C4B9 /* Build configuration list for PBXProject "SDL_2023" */ = {
			isa = XCConfigurationList;
			buildConfigurations = (
				C89717492AD4F83E0086C4B9 /* Debug */,
				C897174A2AD4F83E0086C4B9 /* Release */,
			);
			defaultConfigurationIsVisible = 0;
			defaultConfigurationName = Release;
		};
		C897174B2AD4F83E0086C4B9 /* Build configuration list for PBXNativeTarget "SDL_2023" */ = {
			isa = XCConfigurationList;
			buildConfigurations = (
				C897174C2AD4F83E0086C4B9 /* Debug */,
				C897174D2AD4F83E0086C4B9 /* Release */,
			);
			defaultConfigurationIsVisible = 0;
			defaultConfigurationName = Release;
		};
/* End XCConfigurationList section */
	};
	rootObject = C897173C2AD4F83E0086C4B9 /* Project object */;
}
